
Microsoft Visual Studio Solution File, Format Version 12.00
Project("{2150E333-8FDC-42A3-9474-1A3956D46DE8}") = "LectureMVC", "LectureMVC", "{A009D2CC-1F2D-421A-8F7B-A0DC48C32174}"
EndProject
Project("{2150E333-8FDC-42A3-9474-1A3956D46DE8}") = "ProjectStructureDemo", "ProjectStructureDemo", "{F97C0D17-BCBE-4957-9291-C0080B09E31F}"
EndProject
Global
	GlobalSection(SolutionConfigurationPlatforms) = preSolution
		Debug|Any CPU = Debug|Any CPU
		Release|Any CPU = Release|Any CPU
	EndGlobalSection
	GlobalSection(NestedProjects) = preSolution
		{F97C0D17-BCBE-4957-9291-C0080B09E31F} = {A009D2CC-1F2D-421A-8F7B-A0DC48C32174}
	EndGlobalSection
EndGlobal
