
Microsoft Visual Studio Solution File, Format Version 12.00
# Visual Studio Version 17
VisualStudioVersion = 17.0.31903.59
MinimumVisualStudioVersion = 10.0.40219.1
Project("{2150E333-8FDC-42A3-9474-1A3956D46DE8}") = "ProjectStructureDemo", "ProjectStructureDemo", "{59A2E010-F22C-4832-B429-F375629A9C96}"
EndProject
Project("{FAE04EC0-301F-11D3-BF4B-00C04F79EFBC}") = "MiNI.Example.BlazorServer.Template", "ProjectStructureDemo\MiNI.Example.BlazorServer.Template\MiNI.Example.BlazorServer.Template.csproj", "{654BFA0E-7E3D-4B89-9313-D5219487E5DF}"
EndProject
Project("{FAE04EC0-301F-11D3-BF4B-00C04F79EFBC}") = "MiNI.Example.BlazorWebAssembly.Template", "ProjectStructureDemo\MiNI.Example.BlazorWebAssembly.Template\MiNI.Example.BlazorWebAssembly.Template.csproj", "{4A022104-EDD6-45FD-9FDF-975FE2D52B2D}"
EndProject
Project("{FAE04EC0-301F-11D3-BF4B-00C04F79EFBC}") = "MiNI.Example.EmptyWeb.Template", "ProjectStructureDemo\MiNI.Example.EmptyWeb.Template\MiNI.Example.EmptyWeb.Template.csproj", "{18806D26-1141-45BD-8640-88281615771B}"
EndProject
Project("{FAE04EC0-301F-11D3-BF4B-00C04F79EFBC}") = "MiNI.Example.GrpcWeb.Template", "ProjectStructureDemo\MiNI.Example.GrpcWeb.Template\MiNI.Example.GrpcWeb.Template.csproj", "{D297DD73-2A27-4468-BC22-FB5F6AC60F3F}"
EndProject
Project("{FAE04EC0-301F-11D3-BF4B-00C04F79EFBC}") = "MiNI.Example.MvcWeb.Template", "ProjectStructureDemo\MiNI.Example.MvcWeb.Template\MiNI.Example.MvcWeb.Template.csproj", "{80A91A47-5E5E-49F3-8119-4FB024668E7C}"
EndProject
Project("{FAE04EC0-301F-11D3-BF4B-00C04F79EFBC}") = "MiNI.Example.RazorPageWeb.Template", "ProjectStructureDemo\MiNI.Example.RazorPageWeb.Template\MiNI.Example.RazorPageWeb.Template.csproj", "{8865261A-36AE-49D8-9CF4-18EB85C4E513}"
EndProject
Project("{2150E333-8FDC-42A3-9474-1A3956D46DE8}") = "doc", "doc", "{8C21C928-70A9-41D2-BE3A-39918DBA0058}"
	ProjectSection(SolutionItems) = preProject
		ProjectStructureDemo\readme.md = ProjectStructureDemo\readme.md
	EndProjectSection
EndProject
Project("{FAE04EC0-301F-11D3-BF4B-00C04F79EFBC}") = "MiNI.Example.MvcOldWeb.Template", "ProjectStructureDemo\MiNI.Example.MvcOldWeb.Template\MiNI.Example.MvcOldWeb.Template\MiNI.Example.MvcOldWeb.Template.csproj", "{D418E580-6345-4418-88D2-89D20806DF75}"
EndProject
Global
	GlobalSection(SolutionConfigurationPlatforms) = preSolution
		Debug|Any CPU = Debug|Any CPU
		Release|Any CPU = Release|Any CPU
	EndGlobalSection
	GlobalSection(SolutionProperties) = preSolution
		HideSolutionNode = FALSE
	EndGlobalSection
	GlobalSection(ProjectConfigurationPlatforms) = postSolution
		{654BFA0E-7E3D-4B89-9313-D5219487E5DF}.Debug|Any CPU.ActiveCfg = Debug|Any CPU
		{654BFA0E-7E3D-4B89-9313-D5219487E5DF}.Debug|Any CPU.Build.0 = Debug|Any CPU
		{654BFA0E-7E3D-4B89-9313-D5219487E5DF}.Release|Any CPU.ActiveCfg = Release|Any CPU
		{654BFA0E-7E3D-4B89-9313-D5219487E5DF}.Release|Any CPU.Build.0 = Release|Any CPU
		{4A022104-EDD6-45FD-9FDF-975FE2D52B2D}.Debug|Any CPU.ActiveCfg = Debug|Any CPU
		{4A022104-EDD6-45FD-9FDF-975FE2D52B2D}.Debug|Any CPU.Build.0 = Debug|Any CPU
		{4A022104-EDD6-45FD-9FDF-975FE2D52B2D}.Release|Any CPU.ActiveCfg = Release|Any CPU
		{4A022104-EDD6-45FD-9FDF-975FE2D52B2D}.Release|Any CPU.Build.0 = Release|Any CPU
		{18806D26-1141-45BD-8640-88281615771B}.Debug|Any CPU.ActiveCfg = Debug|Any CPU
		{18806D26-1141-45BD-8640-88281615771B}.Debug|Any CPU.Build.0 = Debug|Any CPU
		{18806D26-1141-45BD-8640-88281615771B}.Release|Any CPU.ActiveCfg = Release|Any CPU
		{18806D26-1141-45BD-8640-88281615771B}.Release|Any CPU.Build.0 = Release|Any CPU
		{D297DD73-2A27-4468-BC22-FB5F6AC60F3F}.Debug|Any CPU.ActiveCfg = Debug|Any CPU
		{D297DD73-2A27-4468-BC22-FB5F6AC60F3F}.Debug|Any CPU.Build.0 = Debug|Any CPU
		{D297DD73-2A27-4468-BC22-FB5F6AC60F3F}.Release|Any CPU.ActiveCfg = Release|Any CPU
		{D297DD73-2A27-4468-BC22-FB5F6AC60F3F}.Release|Any CPU.Build.0 = Release|Any CPU
		{80A91A47-5E5E-49F3-8119-4FB024668E7C}.Debug|Any CPU.ActiveCfg = Debug|Any CPU
		{80A91A47-5E5E-49F3-8119-4FB024668E7C}.Debug|Any CPU.Build.0 = Debug|Any CPU
		{80A91A47-5E5E-49F3-8119-4FB024668E7C}.Release|Any CPU.ActiveCfg = Release|Any CPU
		{80A91A47-5E5E-49F3-8119-4FB024668E7C}.Release|Any CPU.Build.0 = Release|Any CPU
		{8865261A-36AE-49D8-9CF4-18EB85C4E513}.Debug|Any CPU.ActiveCfg = Debug|Any CPU
		{8865261A-36AE-49D8-9CF4-18EB85C4E513}.Debug|Any CPU.Build.0 = Debug|Any CPU
		{8865261A-36AE-49D8-9CF4-18EB85C4E513}.Release|Any CPU.ActiveCfg = Release|Any CPU
		{8865261A-36AE-49D8-9CF4-18EB85C4E513}.Release|Any CPU.Build.0 = Release|Any CPU
		{D418E580-6345-4418-88D2-89D20806DF75}.Debug|Any CPU.ActiveCfg = Debug|Any CPU
		{D418E580-6345-4418-88D2-89D20806DF75}.Debug|Any CPU.Build.0 = Debug|Any CPU
		{D418E580-6345-4418-88D2-89D20806DF75}.Release|Any CPU.ActiveCfg = Release|Any CPU
		{D418E580-6345-4418-88D2-89D20806DF75}.Release|Any CPU.Build.0 = Release|Any CPU
	EndGlobalSection
	GlobalSection(NestedProjects) = preSolution
		{654BFA0E-7E3D-4B89-9313-D5219487E5DF} = {59A2E010-F22C-4832-B429-F375629A9C96}
		{4A022104-EDD6-45FD-9FDF-975FE2D52B2D} = {59A2E010-F22C-4832-B429-F375629A9C96}
		{18806D26-1141-45BD-8640-88281615771B} = {59A2E010-F22C-4832-B429-F375629A9C96}
		{D297DD73-2A27-4468-BC22-FB5F6AC60F3F} = {59A2E010-F22C-4832-B429-F375629A9C96}
		{80A91A47-5E5E-49F3-8119-4FB024668E7C} = {59A2E010-F22C-4832-B429-F375629A9C96}
		{8865261A-36AE-49D8-9CF4-18EB85C4E513} = {59A2E010-F22C-4832-B429-F375629A9C96}
		{D418E580-6345-4418-88D2-89D20806DF75} = {59A2E010-F22C-4832-B429-F375629A9C96}
	EndGlobalSection
EndGlobal
